
Microsoft Visual Studio Solution File, Format Version 12.00
# Visual Studio Version 17
VisualStudioVersion = 17.8.34511.84
MinimumVisualStudioVersion = 10.0.40219.1
Project("{F184B08F-C81C-45F6-A57F-5ABD9991F28F}") = "To Do List", "To Do List\To Do List.vbproj", "{03500CB6-49E0-4E93-B1AD-54514C952AAD}"
EndProject
Global
	GlobalSection(SolutionConfigurationPlatforms) = preSolution
		Debug|Any CPU = Debug|Any CPU
		Release|Any CPU = Release|Any CPU
	EndGlobalSection
	GlobalSection(ProjectConfigurationPlatforms) = postSolution
		{03500CB6-49E0-4E93-B1AD-54514C952AAD}.Debug|Any CPU.ActiveCfg = Debug|Any CPU
		{03500CB6-49E0-4E93-B1AD-54514C952AAD}.Debug|Any CPU.Build.0 = Debug|Any CPU
		{03500CB6-49E0-4E93-B1AD-54514C952AAD}.Release|Any CPU.ActiveCfg = Release|Any CPU
		{03500CB6-49E0-4E93-B1AD-54514C952AAD}.Release|Any CPU.Build.0 = Release|Any CPU
	EndGlobalSection
	GlobalSection(SolutionProperties) = preSolution
		HideSolutionNode = FALSE
	EndGlobalSection
	GlobalSection(ExtensibilityGlobals) = postSolution
		SolutionGuid = {46661A58-A967-4109-AD8E-8BAF41B1630A}
	EndGlobalSection
EndGlobal
